[{<<"aht20">>,
  {git,"https://git.sr.ht/~arpunk/aht20",
       {ref,"81c5dab52da9d659e5ea4730a29ab973a5d10037"}},
  0},
 {<<"atomvm_lib">>,
  {git,"https://github.com/atomvm/atomvm_lib.git",
       {ref,"453c4f40c26db67446a8f30c5ceebf0ede41ad2d"}},
  0},
 {<<"atomvm_mqtt_client">>,
  {git,"https://github.com/atomvm/atomvm_mqtt_client.git",
       {ref,"75bacc08ad8372a9906eaeb5824f9a1d5a3055d1"}},
  0},
 {<<"atomvm_neopixel">>,
  {git,"https://github.com/atomvm/atomvm_neopixel",
       {ref,"4eaea236ff36b5faf4027b4c25d2e26418b590ec"}},
  0},
 {<<"atomvm_ssd1306">>,
  {git,"https://github.com/arpunk/atomvm_ssd1306",
       {ref,"bdf7d3114c665636eed1407969d9c2b6563913c9"}},
  0}].
