[{<<"aht20">>,
  {git,"https://git.sr.ht/~arpunk/aht20",
       {ref,"81c5dab52da9d659e5ea4730a29ab973a5d10037"}},
  0},
 {<<"atomvm_lib">>,
  {git,"https://github.com/atomvm/atomvm_lib.git",
       {ref,"987d1a9a5fdf5244e43e8940e5dcac0a934c0503"}},
  0},
 {<<"atomvm_neopixel">>,
  {git,"https://github.com/atomvm/atomvm_neopixel",
       {ref,"01bbe948c579a062ac00de49c3ec3bb270433487"}},
  0},
 {<<"atomvm_ssd1306">>,
  {git,"https://github.com/atomvm/atomvm_ssd1306",
       {ref,"9e74aeb1a2ec6a95faa23ee137e015c9c44b5c56"}},
  0}].
